// !$*UTF8*$!
{
	archiveVersion = 1;
	classes = {
	};
	objectVersion = 48;
	objects = {

/* Begin PBXBuildFile section */
		08A9277A1FB8CA3E00E4F37F /* test.cpp in Sources */ = {isa = PBXBuildFile; fileRef = 08A927791FB8CA3E00E4F37F /* test.cpp */; };
		08A9277F1FB8CA8400E4F37F /* units-test.cpp in Sources */ = {isa = PBXBuildFile; fileRef = 08A9277D1FB8CA8400E4F37F /* units-test.cpp */; };
		08A927801FB8CA8400E4F37F /* quantity-test.cpp in Sources */ = {isa = PBXBuildFile; fileRef = 08A9277E1FB8CA8400E4F37F /* quantity-test.cpp */; };
/* End PBXBuildFile section */

/* Begin PBXCopyFilesBuildPhase section */
		08A9276D1FB8C90000E4F37F /* CopyFiles */ = {
			isa = PBXCopyFilesBuildPhase;
			buildActionMask = 2147483647;
			dstPath = /usr/share/man/man1/;
			dstSubfolderSpec = 0;
			files = (
			);
			runOnlyForDeploymentPostprocessing = 1;
		};
/* End PBXCopyFilesBuildPhase section */

/* Begin PBXFileReference section */
		0856C4C31FB8D44700EFCB91 /* ratio */ = {isa = PBXFileReference; lastKnownFileType = folder; name = ratio; path = ../si/ratio; sourceTree = "<group>"; };
		0856C4C41FB8D44700EFCB91 /* string */ = {isa = PBXFileReference; lastKnownFileType = folder; name = string; path = ../si/string; sourceTree = "<group>"; };
		0856C4C51FB8D44700EFCB91 /* units.hpp */ = {isa = PBXFileReference; fileEncoding = 4; lastKnownFileType = sourcecode.cpp.h; name = units.hpp; path = ../si/units.hpp; sourceTree = "<group>"; };
		0856C4C61FB8D44700EFCB91 /* quantity.hpp */ = {isa = PBXFileReference; fileEncoding = 4; lastKnownFileType = sourcecode.cpp.h; name = quantity.hpp; path = ../si/quantity.hpp; sourceTree = "<group>"; };
		08A9276F1FB8C90000E4F37F /* si-unit-test */ = {isa = PBXFileReference; explicitFileType = "compiled.mach-o.executable"; includeInIndex = 0; path = "si-unit-test"; sourceTree = BUILT_PRODUCTS_DIR; };
		08A927791FB8CA3E00E4F37F /* test.cpp */ = {isa = PBXFileReference; fileEncoding = 4; lastKnownFileType = sourcecode.cpp.cpp; path = test.cpp; sourceTree = "<group>"; };
		08A9277B1FB8CA8400E4F37F /* units-test.hpp */ = {isa = PBXFileReference; fileEncoding = 4; lastKnownFileType = sourcecode.cpp.h; path = "units-test.hpp"; sourceTree = "<group>"; };
		08A9277C1FB8CA8400E4F37F /* quantity-test.hpp */ = {isa = PBXFileReference; fileEncoding = 4; lastKnownFileType = sourcecode.cpp.h; path = "quantity-test.hpp"; sourceTree = "<group>"; };
		08A9277D1FB8CA8400E4F37F /* units-test.cpp */ = {isa = PBXFileReference; fileEncoding = 4; lastKnownFileType = sourcecode.cpp.cpp; path = "units-test.cpp"; sourceTree = "<group>"; };
		08A9277E1FB8CA8400E4F37F /* quantity-test.cpp */ = {isa = PBXFileReference; fileEncoding = 4; lastKnownFileType = sourcecode.cpp.cpp; path = "quantity-test.cpp"; sourceTree = "<group>"; };
/* End PBXFileReference section */

/* Begin PBXFrameworksBuildPhase section */
		08A9276C1FB8C90000E4F37F /* Frameworks */ = {
			isa = PBXFrameworksBuildPhase;
			buildActionMask = 2147483647;
			files = (
			);
			runOnlyForDeploymentPostprocessing = 0;
		};
/* End PBXFrameworksBuildPhase section */

/* Begin PBXGroup section */
		0856C4C21FB8D42E00EFCB91 /* si */ = {
			isa = PBXGroup;
			children = (
				0856C4C61FB8D44700EFCB91 /* quantity.hpp */,
				0856C4C31FB8D44700EFCB91 /* ratio */,
				0856C4C41FB8D44700EFCB91 /* string */,
				0856C4C51FB8D44700EFCB91 /* units.hpp */,
			);
			name = si;
			sourceTree = "<group>";
		};
		08A927661FB8C90000E4F37F = {
			isa = PBXGroup;
			children = (
				0856C4C21FB8D42E00EFCB91 /* si */,
				08A927711FB8C90000E4F37F /* si-unit-test */,
				08A927701FB8C90000E4F37F /* Products */,
			);
			sourceTree = "<group>";
		};
		08A927701FB8C90000E4F37F /* Products */ = {
			isa = PBXGroup;
			children = (
				08A9276F1FB8C90000E4F37F /* si-unit-test */,
			);
			name = Products;
			sourceTree = "<group>";
		};
		08A927711FB8C90000E4F37F /* si-unit-test */ = {
			isa = PBXGroup;
			children = (
				08A9277E1FB8CA8400E4F37F /* quantity-test.cpp */,
				08A9277C1FB8CA8400E4F37F /* quantity-test.hpp */,
				08A927791FB8CA3E00E4F37F /* test.cpp */,
				08A9277D1FB8CA8400E4F37F /* units-test.cpp */,
				08A9277B1FB8CA8400E4F37F /* units-test.hpp */,
			);
			path = "si-unit-test";
			sourceTree = "<group>";
		};
/* End PBXGroup section */

/* Begin PBXNativeTarget section */
		08A9276E1FB8C90000E4F37F /* si-unit-test */ = {
			isa = PBXNativeTarget;
			buildConfigurationList = 08A927761FB8C90000E4F37F /* Build configuration list for PBXNativeTarget "si-unit-test" */;
			buildPhases = (
				08A9276B1FB8C90000E4F37F /* Sources */,
				08A9276C1FB8C90000E4F37F /* Frameworks */,
				08A9276D1FB8C90000E4F37F /* CopyFiles */,
			);
			buildRules = (
			);
			dependencies = (
			);
			name = "si-unit-test";
			productName = "si-unit-test";
			productReference = 08A9276F1FB8C90000E4F37F /* si-unit-test */;
			productType = "com.apple.product-type.tool";
		};
/* End PBXNativeTarget section */

/* Begin PBXProject section */
		08A927671FB8C90000E4F37F /* Project object */ = {
			isa = PBXProject;
			attributes = {
				LastUpgradeCheck = 0910;
				ORGANIZATIONNAME = azbithead.com;
				TargetAttributes = {
					08A9276E1FB8C90000E4F37F = {
						CreatedOnToolsVersion = 9.1;
						ProvisioningStyle = Automatic;
					};
				};
			};
			buildConfigurationList = 08A9276A1FB8C90000E4F37F /* Build configuration list for PBXProject "si-unit-test" */;
			compatibilityVersion = "Xcode 8.0";
			developmentRegion = en;
			hasScannedForEncodings = 0;
			knownRegions = (
				en,
			);
			mainGroup = 08A927661FB8C90000E4F37F;
			productRefGroup = 08A927701FB8C90000E4F37F /* Products */;
			projectDirPath = "";
			projectRoot = "";
			targets = (
				08A9276E1FB8C90000E4F37F /* si-unit-test */,
			);
		};
/* End PBXProject section */

/* Begin PBXSourcesBuildPhase section */
		08A9276B1FB8C90000E4F37F /* Sources */ = {
			isa = PBXSourcesBuildPhase;
			buildActionMask = 2147483647;
			files = (
				08A9277A1FB8CA3E00E4F37F /* test.cpp in Sources */,
				08A9277F1FB8CA8400E4F37F /* units-test.cpp in Sources */,
				08A927801FB8CA8400E4F37F /* quantity-test.cpp in Sources */,
			);
			runOnlyForDeploymentPostprocessing = 0;
		};
/* End PBXSourcesBuildPhase section */

/* Begin XCBuildConfiguration section */
		08A927741FB8C90000E4F37F /* Debug */ = {
			isa = XCBuildConfiguration;
			buildSettings = {
				ALWAYS_SEARCH_USER_PATHS = NO;
				CLANG_ANALYZER_NONNULL = YES;
				CLANG_ANALYZER_NUMBER_OBJECT_CONVERSION = YES_AGGRESSIVE;
				CLANG_CXX_LANGUAGE_STANDARD = "gnu++14";
				CLANG_CXX_LIBRARY = "libc++";
				CLANG_ENABLE_MODULES = YES;
				CLANG_ENABLE_OBJC_ARC = YES;
				CLANG_WARN_BLOCK_CAPTURE_AUTORELEASING = YES;
				CLANG_WARN_BOOL_CONVERSION = YES;
				CLANG_WARN_COMMA = YES;
				CLANG_WARN_CONSTANT_CONVERSION = YES;
				CLANG_WARN_DIRECT_OBJC_ISA_USAGE = YES_ERROR;
				CLANG_WARN_DOCUMENTATION_COMMENTS = NO;
				CLANG_WARN_EMPTY_BODY = YES;
				CLANG_WARN_ENUM_CONVERSION = YES;
				CLANG_WARN_INFINITE_RECURSION = YES;
				CLANG_WARN_INT_CONVERSION = YES;
				CLANG_WARN_NON_LITERAL_NULL_CONVERSION = YES;
				CLANG_WARN_OBJC_LITERAL_CONVERSION = YES;
				CLANG_WARN_OBJC_ROOT_CLASS = YES_ERROR;
				CLANG_WARN_RANGE_LOOP_ANALYSIS = YES;
				CLANG_WARN_STRICT_PROTOTYPES = YES;
				CLANG_WARN_SUSPICIOUS_MOVE = YES;
				CLANG_WARN_UNGUARDED_AVAILABILITY = YES_AGGRESSIVE;
				CLANG_WARN_UNREACHABLE_CODE = YES;
				CLANG_WARN__DUPLICATE_METHOD_MATCH = YES;
				CODE_SIGN_IDENTITY = "-";
				COPY_PHASE_STRIP = NO;
				DEBUG_INFORMATION_FORMAT = dwarf;
				ENABLE_STRICT_OBJC_MSGSEND = YES;
				ENABLE_TESTABILITY = YES;
				GCC_C_LANGUAGE_STANDARD = gnu11;
				GCC_DYNAMIC_NO_PIC = NO;
				GCC_NO_COMMON_BLOCKS = YES;
				GCC_OPTIMIZATION_LEVEL = 0;
				GCC_PREPROCESSOR_DEFINITIONS = (
					"DEBUG=1",
					"$(inherited)",
				);
				GCC_WARN_64_TO_32_BIT_CONVERSION = YES;
				GCC_WARN_ABOUT_RETURN_TYPE = YES_ERROR;
				GCC_WARN_UNDECLARED_SELECTOR = YES;
				GCC_WARN_UNINITIALIZED_AUTOS = YES_AGGRESSIVE;
				GCC_WARN_UNUSED_FUNCTION = YES;
				GCC_WARN_UNUSED_VARIABLE = YES;
				HEADER_SEARCH_PATHS = ../si;
				MACOSX_DEPLOYMENT_TARGET = 10.13;
				MTL_ENABLE_DEBUG_INFO = YES;
				ONLY_ACTIVE_ARCH = YES;
				SDKROOT = macosx;
			};
			name = Debug;
		};
		08A927751FB8C90000E4F37F /* Release */ = {
			isa = XCBuildConfiguration;
			buildSettings = {
				ALWAYS_SEARCH_USER_PATHS = NO;
				CLANG_ANALYZER_NONNULL = YES;
				CLANG_ANALYZER_NUMBER_OBJECT_CONVERSION = YES_AGGRESSIVE;
				CLANG_CXX_LANGUAGE_STANDARD = "gnu++14";
				CLANG_CXX_LIBRARY = "libc++";
				CLANG_ENABLE_MODULES = YES;
				CLANG_ENABLE_OBJC_ARC = YES;
				CLANG_WARN_BLOCK_CAPTURE_AUTORELEASING = YES;
				CLANG_WARN_BOOL_CONVERSION = YES;
				CLANG_WARN_COMMA = YES;
				CLANG_WARN_CONSTANT_CONVERSION = YES;
				CLANG_WARN_DIRECT_OBJC_ISA_USAGE = YES_ERROR;
				CLANG_WARN_DOCUMENTATION_COMMENTS = NO;
				CLANG_WARN_EMPTY_BODY = YES;
				CLANG_WARN_ENUM_CONVERSION = YES;
				CLANG_WARN_INFINITE_RECURSION = YES;
				CLANG_WARN_INT_CONVERSION = YES;
				CLANG_WARN_NON_LITERAL_NULL_CONVERSION = YES;
				CLANG_WARN_OBJC_LITERAL_CONVERSION = YES;
				CLANG_WARN_OBJC_ROOT_CLASS = YES_ERROR;
				CLANG_WARN_RANGE_LOOP_ANALYSIS = YES;
				CLANG_WARN_STRICT_PROTOTYPES = YES;
				CLANG_WARN_SUSPICIOUS_MOVE = YES;
				CLANG_WARN_UNGUARDED_AVAILABILITY = YES_AGGRESSIVE;
				CLANG_WARN_UNREACHABLE_CODE = YES;
				CLANG_WARN__DUPLICATE_METHOD_MATCH = YES;
				CODE_SIGN_IDENTITY = "-";
				COPY_PHASE_STRIP = NO;
				DEBUG_INFORMATION_FORMAT = "dwarf-with-dsym";
				ENABLE_NS_ASSERTIONS = NO;
				ENABLE_STRICT_OBJC_MSGSEND = YES;
				GCC_C_LANGUAGE_STANDARD = gnu11;
				GCC_NO_COMMON_BLOCKS = YES;
				GCC_WARN_64_TO_32_BIT_CONVERSION = YES;
				GCC_WARN_ABOUT_RETURN_TYPE = YES_ERROR;
				GCC_WARN_UNDECLARED_SELECTOR = YES;
				GCC_WARN_UNINITIALIZED_AUTOS = YES_AGGRESSIVE;
				GCC_WARN_UNUSED_FUNCTION = YES;
				GCC_WARN_UNUSED_VARIABLE = YES;
				HEADER_SEARCH_PATHS = ../si;
				MACOSX_DEPLOYMENT_TARGET = 10.13;
				MTL_ENABLE_DEBUG_INFO = NO;
				SDKROOT = macosx;
			};
			name = Release;
		};
		08A927771FB8C90000E4F37F /* Debug */ = {
			isa = XCBuildConfiguration;
			buildSettings = {
				CODE_SIGN_STYLE = Automatic;
				PRODUCT_NAME = "$(TARGET_NAME)";
			};
			name = Debug;
		};
		08A927781FB8C90000E4F37F /* Release */ = {
			isa = XCBuildConfiguration;
			buildSettings = {
				CODE_SIGN_STYLE = Automatic;
				PRODUCT_NAME = "$(TARGET_NAME)";
			};
			name = Release;
		};
/* End XCBuildConfiguration section */

/* Begin XCConfigurationList section */
		08A9276A1FB8C90000E4F37F /* Build configuration list for PBXProject "si-unit-test" */ = {
			isa = XCConfigurationList;
			buildConfigurations = (
				08A927741FB8C90000E4F37F /* Debug */,
				08A927751FB8C90000E4F37F /* Release */,
			);
			defaultConfigurationIsVisible = 0;
			defaultConfigurationName = Release;
		};
		08A927761FB8C90000E4F37F /* Build configuration list for PBXNativeTarget "si-unit-test" */ = {
			isa = XCConfigurationList;
			buildConfigurations = (
				08A927771FB8C90000E4F37F /* Debug */,
				08A927781FB8C90000E4F37F /* Release */,
			);
			defaultConfigurationIsVisible = 0;
			defaultConfigurationName = Release;
		};
/* End XCConfigurationList section */
	};
	rootObject = 08A927671FB8C90000E4F37F /* Project object */;
}
